
Microsoft Visual Studio Solution File, Format Version 12.00
# Visual Studio Version 16
VisualStudioVersion = 16.0.28803.452
MinimumVisualStudioVersion = 10.0.40219.1
Project("{FAE04EC0-301F-11D3-BF4B-00C04F79EFBC}") = "VitrinaCarros_AppWeb", "VitrinaCarros_AppWeb\VitrinaCarros_AppWeb.csproj", "{DD08E90F-699A-4A36-8F7F-4E83425ECC62}"
EndProject
Global
	GlobalSection(SolutionConfigurationPlatforms) = preSolution
		Debug|Any CPU = Debug|Any CPU
		Release|Any CPU = Release|Any CPU
	EndGlobalSection
	GlobalSection(ProjectConfigurationPlatforms) = postSolution
		{DD08E90F-699A-4A36-8F7F-4E83425ECC62}.Debug|Any CPU.ActiveCfg = Debug|Any CPU
		{DD08E90F-699A-4A36-8F7F-4E83425ECC62}.Debug|Any CPU.Build.0 = Debug|Any CPU
		{DD08E90F-699A-4A36-8F7F-4E83425ECC62}.Release|Any CPU.ActiveCfg = Release|Any CPU
		{DD08E90F-699A-4A36-8F7F-4E83425ECC62}.Release|Any CPU.Build.0 = Release|Any CPU
	EndGlobalSection
	GlobalSection(SolutionProperties) = preSolution
		HideSolutionNode = FALSE
	EndGlobalSection
	GlobalSection(ExtensibilityGlobals) = postSolution
		SolutionGuid = {485F4BBF-F8A7-48E0-AD6A-71EAF1DAB41D}
	EndGlobalSection
EndGlobal
